
Microsoft Visual Studio Solution File, Format Version 12.00
# Visual Studio 15
VisualStudioVersion = 15.0.27428.2037
MinimumVisualStudioVersion = 10.0.40219.1
Project("{FAE04EC0-301F-11D3-BF4B-00C04F79EFBC}") = "listaPraticaGrafo", "listaPraticaGrafo\listaPraticaGrafo.csproj", "{A822DA09-8620-4594-9730-B92C559D81C6}"
EndProject
Project("{FAE04EC0-301F-11D3-BF4B-00C04F79EFBC}") = "listaPraticaGrafoTests", "listaPraticaGrafoTests\listaPraticaGrafoTests.csproj", "{597B067E-22E7-43E1-BD89-474BA48173F9}"
EndProject
Global
	GlobalSection(SolutionConfigurationPlatforms) = preSolution
		Debug|Any CPU = Debug|Any CPU
		Release|Any CPU = Release|Any CPU
	EndGlobalSection
	GlobalSection(ProjectConfigurationPlatforms) = postSolution
		{A822DA09-8620-4594-9730-B92C559D81C6}.Debug|Any CPU.ActiveCfg = Debug|Any CPU
		{A822DA09-8620-4594-9730-B92C559D81C6}.Debug|Any CPU.Build.0 = Debug|Any CPU
		{A822DA09-8620-4594-9730-B92C559D81C6}.Release|Any CPU.ActiveCfg = Release|Any CPU
		{A822DA09-8620-4594-9730-B92C559D81C6}.Release|Any CPU.Build.0 = Release|Any CPU
		{597B067E-22E7-43E1-BD89-474BA48173F9}.Debug|Any CPU.ActiveCfg = Debug|Any CPU
		{597B067E-22E7-43E1-BD89-474BA48173F9}.Debug|Any CPU.Build.0 = Debug|Any CPU
		{597B067E-22E7-43E1-BD89-474BA48173F9}.Release|Any CPU.ActiveCfg = Release|Any CPU
		{597B067E-22E7-43E1-BD89-474BA48173F9}.Release|Any CPU.Build.0 = Release|Any CPU
	EndGlobalSection
	GlobalSection(SolutionProperties) = preSolution
		HideSolutionNode = FALSE
	EndGlobalSection
	GlobalSection(ExtensibilityGlobals) = postSolution
		SolutionGuid = {980F706A-8CA9-48F3-B0F6-C9B0EAFFEBE0}
	EndGlobalSection
EndGlobal
